
Microsoft Visual Studio Solution File, Format Version 12.00
# Visual Studio 15
VisualStudioVersion = 15.0.27703.2000
MinimumVisualStudioVersion = 10.0.40219.1
Project("{FAE04EC0-301F-11D3-BF4B-00C04F79EFBC}") = "T1708E_UWP", "T1708E_UWP\T1708E_UWP.csproj", "{5D313C57-0BF0-48E6-A7E6-E5A8496BCFDD}"
EndProject
Global
	GlobalSection(SolutionConfigurationPlatforms) = preSolution
		Debug|ARM = Debug|ARM
		Debug|x64 = Debug|x64
		Debug|x86 = Debug|x86
		Release|ARM = Release|ARM
		Release|x64 = Release|x64
		Release|x86 = Release|x86
	EndGlobalSection
	GlobalSection(ProjectConfigurationPlatforms) = postSolution
		{5D313C57-0BF0-48E6-A7E6-E5A8496BCFDD}.Debug|ARM.ActiveCfg = Debug|ARM
		{5D313C57-0BF0-48E6-A7E6-E5A8496BCFDD}.Debug|ARM.Build.0 = Debug|ARM
		{5D313C57-0BF0-48E6-A7E6-E5A8496BCFDD}.Debug|ARM.Deploy.0 = Debug|ARM
		{5D313C57-0BF0-48E6-A7E6-E5A8496BCFDD}.Debug|x64.ActiveCfg = Debug|x64
		{5D313C57-0BF0-48E6-A7E6-E5A8496BCFDD}.Debug|x64.Build.0 = Debug|x64
		{5D313C57-0BF0-48E6-A7E6-E5A8496BCFDD}.Debug|x64.Deploy.0 = Debug|x64
		{5D313C57-0BF0-48E6-A7E6-E5A8496BCFDD}.Debug|x86.ActiveCfg = Debug|x86
		{5D313C57-0BF0-48E6-A7E6-E5A8496BCFDD}.Debug|x86.Build.0 = Debug|x86
		{5D313C57-0BF0-48E6-A7E6-E5A8496BCFDD}.Debug|x86.Deploy.0 = Debug|x86
		{5D313C57-0BF0-48E6-A7E6-E5A8496BCFDD}.Release|ARM.ActiveCfg = Release|ARM
		{5D313C57-0BF0-48E6-A7E6-E5A8496BCFDD}.Release|ARM.Build.0 = Release|ARM
		{5D313C57-0BF0-48E6-A7E6-E5A8496BCFDD}.Release|ARM.Deploy.0 = Release|ARM
		{5D313C57-0BF0-48E6-A7E6-E5A8496BCFDD}.Release|x64.ActiveCfg = Release|x64
		{5D313C57-0BF0-48E6-A7E6-E5A8496BCFDD}.Release|x64.Build.0 = Release|x64
		{5D313C57-0BF0-48E6-A7E6-E5A8496BCFDD}.Release|x64.Deploy.0 = Release|x64
		{5D313C57-0BF0-48E6-A7E6-E5A8496BCFDD}.Release|x86.ActiveCfg = Release|x86
		{5D313C57-0BF0-48E6-A7E6-E5A8496BCFDD}.Release|x86.Build.0 = Release|x86
		{5D313C57-0BF0-48E6-A7E6-E5A8496BCFDD}.Release|x86.Deploy.0 = Release|x86
	EndGlobalSection
	GlobalSection(SolutionProperties) = preSolution
		HideSolutionNode = FALSE
	EndGlobalSection
	GlobalSection(ExtensibilityGlobals) = postSolution
		SolutionGuid = {C413C551-8A99-464F-9462-6A8A44CB7C5C}
	EndGlobalSection
EndGlobal
